
Microsoft Visual Studio Solution File, Format Version 12.00
# Visual Studio 15
VisualStudioVersion = 15.0.26730.16
MinimumVisualStudioVersion = 10.0.40219.1
Project("{8BC9CEB8-8B4A-11D0-8D11-00A0C91BC942}") = "WCET", "WCET\WCET.vcxproj", "{1B64E143-28A1-4111-ACFF-32AF911DF34B}"
EndProject
Project("{8BC9CEB8-8B4A-11D0-8D11-00A0C91BC942}") = "Traffic Sign Recognition", "Threads\Threads.vcxproj", "{45B232EB-3AD5-4A44-A099-404C65F7566E}"
EndProject
Project("{8BC9CEB8-8B4A-11D0-8D11-00A0C91BC942}") = "Scheduler - RoundRobin", "Scheduler - RoundRobin\Scheduler - RoundRobin.vcxproj", "{97FF9479-E697-4095-9E67-9985FAD362AA}"
EndProject
Project("{8BC9CEB8-8B4A-11D0-8D11-00A0C91BC942}") = "Scheduler - RMS", "Scheduler - RMS\Scheduler - RMS.vcxproj", "{A2BA04E6-40D7-4ED7-9123-D8273589C877}"
EndProject
Project("{8BC9CEB8-8B4A-11D0-8D11-00A0C91BC942}") = "Scheduler - RMS deadline detection", "Scheduler - RMS deadline detection\Scheduler - RMS deadline detection.vcxproj", "{5B09A306-0E61-4CC9-8C4F-2E76940AB953}"
EndProject
Project("{8BC9CEB8-8B4A-11D0-8D11-00A0C91BC942}") = "Scheduler - EDF", "Scheduler - EDF\Scheduler - EDF.vcxproj", "{CD6E2FDF-505B-40F6-82BB-BAB9A1552ED4}"
EndProject
Project("{8BC9CEB8-8B4A-11D0-8D11-00A0C91BC942}") = "Threads (1) - Basics", "Threads (1) - Basics\Threads (1) - Basics.vcxproj", "{806B7208-136C-46E8-9FEC-126E8958A6B5}"
EndProject
Project("{8BC9CEB8-8B4A-11D0-8D11-00A0C91BC942}") = "Threads (2) - Critical sections", "Threads (2) - Critical sections\Threads (2) - Critical sections.vcxproj", "{F723CADC-4128-414D-82A3-D2E71699223B}"
EndProject
Project("{8BC9CEB8-8B4A-11D0-8D11-00A0C91BC942}") = "Threads (3) - Mutex", "Threads (3) - Mutex\Threads (3) - Mutex.vcxproj", "{219CDC54-FD5D-4BA5-9665-DA37B9886811}"
EndProject
Project("{8BC9CEB8-8B4A-11D0-8D11-00A0C91BC942}") = "Threads (4) - Semaphores", "Threads (4) - Semaphores\Threads (4) - Semaphores.vcxproj", "{FF927703-7B75-4441-958A-CBA43084895D}"
EndProject
Project("{8BC9CEB8-8B4A-11D0-8D11-00A0C91BC942}") = "Threads (5) - Deadlock", "Threads (5) - Deadlock\Threads (5) - Deadlock.vcxproj", "{F4BDADEF-047C-4EF3-B731-65FEF5A5E929}"
EndProject
Project("{8BC9CEB8-8B4A-11D0-8D11-00A0C91BC942}") = "Cyclic executive with schedule table", "Cyclic executive with schedule table\Cyclic executive with schedule table.vcxproj", "{B885E149-CE3C-43CE-9CF2-4FA66C7398BE}"
EndProject
Project("{8BC9CEB8-8B4A-11D0-8D11-00A0C91BC942}") = "Memory Allocation Times", "Memory Allocation Times\Memory Allocation Times.vcxproj", "{B0D5A7F8-2DF5-484F-8152-A9C0CA520ABC}"
EndProject
Project("{8BC9CEB8-8B4A-11D0-8D11-00A0C91BC942}") = "Intro to CPP - Object List Simulator", "Intro to CPP - Object List Simulator\Intro to CPP - Object List Simulator.vcxproj", "{9CE94727-6C72-4131-AD95-05F40FBB651E}"
EndProject
Project("{8BC9CEB8-8B4A-11D0-8D11-00A0C91BC942}") = "Threads - Perfect Numbers", "Threads - Perfect Numbers\Threads - Perfect Numbers.vcxproj", "{B0479315-6FFE-4757-AB88-B29227DAEC8D}"
EndProject
Project("{8BC9CEB8-8B4A-11D0-8D11-00A0C91BC942}") = "Scheduler - LLF", "Scheduler - LLF\Scheduler - LLF.vcxproj", "{8A424A22-4FAF-4FCC-8025-4945F3812472}"
EndProject
Project("{8BC9CEB8-8B4A-11D0-8D11-00A0C91BC942}") = "Measuring runtimes - Simple time stamp example", "Measuring runtimes - Simple time stamp example\time_stamp_method.vcxproj", "{93824477-9141-4563-9E88-22A57284BC2A}"
EndProject
Project("{8BC9CEB8-8B4A-11D0-8D11-00A0C91BC942}") = "Measuring runtimes - Difference wall clock time vs. CPU time", "Measuring runtimes - Difference wall clock time vs. CPU time\difference_wall_time_vs_cpu_time.vcxproj", "{C291C1EA-C63A-4D18-B127-385CAA71A7BD}"
EndProject
Project("{8BC9CEB8-8B4A-11D0-8D11-00A0C91BC942}") = "Measuring runtimes - Example for profiling", "Measuring runtimes - Profiling example\profiling_example.vcxproj", "{50A3E6A0-F977-4EF0-AA65-B16D51F74D8A}"
EndProject
Global
	GlobalSection(SolutionConfigurationPlatforms) = preSolution
		Debug|x64 = Debug|x64
		Debug|x86 = Debug|x86
		Release|x64 = Release|x64
		Release|x86 = Release|x86
	EndGlobalSection
	GlobalSection(ProjectConfigurationPlatforms) = postSolution
		{1B64E143-28A1-4111-ACFF-32AF911DF34B}.Debug|x64.ActiveCfg = Debug|x64
		{1B64E143-28A1-4111-ACFF-32AF911DF34B}.Debug|x64.Build.0 = Debug|x64
		{1B64E143-28A1-4111-ACFF-32AF911DF34B}.Debug|x86.ActiveCfg = Debug|Win32
		{1B64E143-28A1-4111-ACFF-32AF911DF34B}.Debug|x86.Build.0 = Debug|Win32
		{1B64E143-28A1-4111-ACFF-32AF911DF34B}.Release|x64.ActiveCfg = Release|x64
		{1B64E143-28A1-4111-ACFF-32AF911DF34B}.Release|x64.Build.0 = Release|x64
		{1B64E143-28A1-4111-ACFF-32AF911DF34B}.Release|x86.ActiveCfg = Release|Win32
		{1B64E143-28A1-4111-ACFF-32AF911DF34B}.Release|x86.Build.0 = Release|Win32
		{45B232EB-3AD5-4A44-A099-404C65F7566E}.Debug|x64.ActiveCfg = Debug|x64
		{45B232EB-3AD5-4A44-A099-404C65F7566E}.Debug|x64.Build.0 = Debug|x64
		{45B232EB-3AD5-4A44-A099-404C65F7566E}.Debug|x86.ActiveCfg = Debug|Win32
		{45B232EB-3AD5-4A44-A099-404C65F7566E}.Debug|x86.Build.0 = Debug|Win32
		{45B232EB-3AD5-4A44-A099-404C65F7566E}.Release|x64.ActiveCfg = Release|x64
		{45B232EB-3AD5-4A44-A099-404C65F7566E}.Release|x64.Build.0 = Release|x64
		{45B232EB-3AD5-4A44-A099-404C65F7566E}.Release|x86.ActiveCfg = Release|Win32
		{45B232EB-3AD5-4A44-A099-404C65F7566E}.Release|x86.Build.0 = Release|Win32
		{97FF9479-E697-4095-9E67-9985FAD362AA}.Debug|x64.ActiveCfg = Debug|x64
		{97FF9479-E697-4095-9E67-9985FAD362AA}.Debug|x64.Build.0 = Debug|x64
		{97FF9479-E697-4095-9E67-9985FAD362AA}.Debug|x86.ActiveCfg = Debug|Win32
		{97FF9479-E697-4095-9E67-9985FAD362AA}.Debug|x86.Build.0 = Debug|Win32
		{97FF9479-E697-4095-9E67-9985FAD362AA}.Release|x64.ActiveCfg = Release|x64
		{97FF9479-E697-4095-9E67-9985FAD362AA}.Release|x64.Build.0 = Release|x64
		{97FF9479-E697-4095-9E67-9985FAD362AA}.Release|x86.ActiveCfg = Release|Win32
		{97FF9479-E697-4095-9E67-9985FAD362AA}.Release|x86.Build.0 = Release|Win32
		{A2BA04E6-40D7-4ED7-9123-D8273589C877}.Debug|x64.ActiveCfg = Debug|x64
		{A2BA04E6-40D7-4ED7-9123-D8273589C877}.Debug|x64.Build.0 = Debug|x64
		{A2BA04E6-40D7-4ED7-9123-D8273589C877}.Debug|x86.ActiveCfg = Debug|Win32
		{A2BA04E6-40D7-4ED7-9123-D8273589C877}.Debug|x86.Build.0 = Debug|Win32
		{A2BA04E6-40D7-4ED7-9123-D8273589C877}.Release|x64.ActiveCfg = Release|x64
		{A2BA04E6-40D7-4ED7-9123-D8273589C877}.Release|x64.Build.0 = Release|x64
		{A2BA04E6-40D7-4ED7-9123-D8273589C877}.Release|x86.ActiveCfg = Release|Win32
		{A2BA04E6-40D7-4ED7-9123-D8273589C877}.Release|x86.Build.0 = Release|Win32
		{5B09A306-0E61-4CC9-8C4F-2E76940AB953}.Debug|x64.ActiveCfg = Debug|x64
		{5B09A306-0E61-4CC9-8C4F-2E76940AB953}.Debug|x64.Build.0 = Debug|x64
		{5B09A306-0E61-4CC9-8C4F-2E76940AB953}.Debug|x86.ActiveCfg = Debug|Win32
		{5B09A306-0E61-4CC9-8C4F-2E76940AB953}.Debug|x86.Build.0 = Debug|Win32
		{5B09A306-0E61-4CC9-8C4F-2E76940AB953}.Release|x64.ActiveCfg = Release|x64
		{5B09A306-0E61-4CC9-8C4F-2E76940AB953}.Release|x64.Build.0 = Release|x64
		{5B09A306-0E61-4CC9-8C4F-2E76940AB953}.Release|x86.ActiveCfg = Release|Win32
		{5B09A306-0E61-4CC9-8C4F-2E76940AB953}.Release|x86.Build.0 = Release|Win32
		{CD6E2FDF-505B-40F6-82BB-BAB9A1552ED4}.Debug|x64.ActiveCfg = Debug|x64
		{CD6E2FDF-505B-40F6-82BB-BAB9A1552ED4}.Debug|x64.Build.0 = Debug|x64
		{CD6E2FDF-505B-40F6-82BB-BAB9A1552ED4}.Debug|x86.ActiveCfg = Debug|Win32
		{CD6E2FDF-505B-40F6-82BB-BAB9A1552ED4}.Debug|x86.Build.0 = Debug|Win32
		{CD6E2FDF-505B-40F6-82BB-BAB9A1552ED4}.Release|x64.ActiveCfg = Release|x64
		{CD6E2FDF-505B-40F6-82BB-BAB9A1552ED4}.Release|x64.Build.0 = Release|x64
		{CD6E2FDF-505B-40F6-82BB-BAB9A1552ED4}.Release|x86.ActiveCfg = Release|Win32
		{CD6E2FDF-505B-40F6-82BB-BAB9A1552ED4}.Release|x86.Build.0 = Release|Win32
		{806B7208-136C-46E8-9FEC-126E8958A6B5}.Debug|x64.ActiveCfg = Debug|x64
		{806B7208-136C-46E8-9FEC-126E8958A6B5}.Debug|x64.Build.0 = Debug|x64
		{806B7208-136C-46E8-9FEC-126E8958A6B5}.Debug|x86.ActiveCfg = Debug|Win32
		{806B7208-136C-46E8-9FEC-126E8958A6B5}.Debug|x86.Build.0 = Debug|Win32
		{806B7208-136C-46E8-9FEC-126E8958A6B5}.Release|x64.ActiveCfg = Release|x64
		{806B7208-136C-46E8-9FEC-126E8958A6B5}.Release|x64.Build.0 = Release|x64
		{806B7208-136C-46E8-9FEC-126E8958A6B5}.Release|x86.ActiveCfg = Release|Win32
		{806B7208-136C-46E8-9FEC-126E8958A6B5}.Release|x86.Build.0 = Release|Win32
		{F723CADC-4128-414D-82A3-D2E71699223B}.Debug|x64.ActiveCfg = Debug|x64
		{F723CADC-4128-414D-82A3-D2E71699223B}.Debug|x64.Build.0 = Debug|x64
		{F723CADC-4128-414D-82A3-D2E71699223B}.Debug|x86.ActiveCfg = Debug|Win32
		{F723CADC-4128-414D-82A3-D2E71699223B}.Debug|x86.Build.0 = Debug|Win32
		{F723CADC-4128-414D-82A3-D2E71699223B}.Release|x64.ActiveCfg = Release|x64
		{F723CADC-4128-414D-82A3-D2E71699223B}.Release|x64.Build.0 = Release|x64
		{F723CADC-4128-414D-82A3-D2E71699223B}.Release|x86.ActiveCfg = Release|Win32
		{F723CADC-4128-414D-82A3-D2E71699223B}.Release|x86.Build.0 = Release|Win32
		{219CDC54-FD5D-4BA5-9665-DA37B9886811}.Debug|x64.ActiveCfg = Debug|x64
		{219CDC54-FD5D-4BA5-9665-DA37B9886811}.Debug|x64.Build.0 = Debug|x64
		{219CDC54-FD5D-4BA5-9665-DA37B9886811}.Debug|x86.ActiveCfg = Debug|Win32
		{219CDC54-FD5D-4BA5-9665-DA37B9886811}.Debug|x86.Build.0 = Debug|Win32
		{219CDC54-FD5D-4BA5-9665-DA37B9886811}.Release|x64.ActiveCfg = Release|x64
		{219CDC54-FD5D-4BA5-9665-DA37B9886811}.Release|x64.Build.0 = Release|x64
		{219CDC54-FD5D-4BA5-9665-DA37B9886811}.Release|x86.ActiveCfg = Release|Win32
		{219CDC54-FD5D-4BA5-9665-DA37B9886811}.Release|x86.Build.0 = Release|Win32
		{FF927703-7B75-4441-958A-CBA43084895D}.Debug|x64.ActiveCfg = Debug|x64
		{FF927703-7B75-4441-958A-CBA43084895D}.Debug|x64.Build.0 = Debug|x64
		{FF927703-7B75-4441-958A-CBA43084895D}.Debug|x86.ActiveCfg = Debug|Win32
		{FF927703-7B75-4441-958A-CBA43084895D}.Debug|x86.Build.0 = Debug|Win32
		{FF927703-7B75-4441-958A-CBA43084895D}.Release|x64.ActiveCfg = Release|x64
		{FF927703-7B75-4441-958A-CBA43084895D}.Release|x64.Build.0 = Release|x64
		{FF927703-7B75-4441-958A-CBA43084895D}.Release|x86.ActiveCfg = Release|Win32
		{FF927703-7B75-4441-958A-CBA43084895D}.Release|x86.Build.0 = Release|Win32
		{F4BDADEF-047C-4EF3-B731-65FEF5A5E929}.Debug|x64.ActiveCfg = Debug|x64
		{F4BDADEF-047C-4EF3-B731-65FEF5A5E929}.Debug|x64.Build.0 = Debug|x64
		{F4BDADEF-047C-4EF3-B731-65FEF5A5E929}.Debug|x86.ActiveCfg = Debug|Win32
		{F4BDADEF-047C-4EF3-B731-65FEF5A5E929}.Debug|x86.Build.0 = Debug|Win32
		{F4BDADEF-047C-4EF3-B731-65FEF5A5E929}.Release|x64.ActiveCfg = Release|x64
		{F4BDADEF-047C-4EF3-B731-65FEF5A5E929}.Release|x64.Build.0 = Release|x64
		{F4BDADEF-047C-4EF3-B731-65FEF5A5E929}.Release|x86.ActiveCfg = Release|Win32
		{F4BDADEF-047C-4EF3-B731-65FEF5A5E929}.Release|x86.Build.0 = Release|Win32
		{B885E149-CE3C-43CE-9CF2-4FA66C7398BE}.Debug|x64.ActiveCfg = Debug|x64
		{B885E149-CE3C-43CE-9CF2-4FA66C7398BE}.Debug|x64.Build.0 = Debug|x64
		{B885E149-CE3C-43CE-9CF2-4FA66C7398BE}.Debug|x86.ActiveCfg = Debug|Win32
		{B885E149-CE3C-43CE-9CF2-4FA66C7398BE}.Debug|x86.Build.0 = Debug|Win32
		{B885E149-CE3C-43CE-9CF2-4FA66C7398BE}.Release|x64.ActiveCfg = Release|x64
		{B885E149-CE3C-43CE-9CF2-4FA66C7398BE}.Release|x64.Build.0 = Release|x64
		{B885E149-CE3C-43CE-9CF2-4FA66C7398BE}.Release|x86.ActiveCfg = Release|Win32
		{B885E149-CE3C-43CE-9CF2-4FA66C7398BE}.Release|x86.Build.0 = Release|Win32
		{B0D5A7F8-2DF5-484F-8152-A9C0CA520ABC}.Debug|x64.ActiveCfg = Debug|x64
		{B0D5A7F8-2DF5-484F-8152-A9C0CA520ABC}.Debug|x64.Build.0 = Debug|x64
		{B0D5A7F8-2DF5-484F-8152-A9C0CA520ABC}.Debug|x86.ActiveCfg = Debug|Win32
		{B0D5A7F8-2DF5-484F-8152-A9C0CA520ABC}.Debug|x86.Build.0 = Debug|Win32
		{B0D5A7F8-2DF5-484F-8152-A9C0CA520ABC}.Release|x64.ActiveCfg = Release|x64
		{B0D5A7F8-2DF5-484F-8152-A9C0CA520ABC}.Release|x64.Build.0 = Release|x64
		{B0D5A7F8-2DF5-484F-8152-A9C0CA520ABC}.Release|x86.ActiveCfg = Release|Win32
		{B0D5A7F8-2DF5-484F-8152-A9C0CA520ABC}.Release|x86.Build.0 = Release|Win32
		{9CE94727-6C72-4131-AD95-05F40FBB651E}.Debug|x64.ActiveCfg = Debug|x64
		{9CE94727-6C72-4131-AD95-05F40FBB651E}.Debug|x64.Build.0 = Debug|x64
		{9CE94727-6C72-4131-AD95-05F40FBB651E}.Debug|x86.ActiveCfg = Debug|Win32
		{9CE94727-6C72-4131-AD95-05F40FBB651E}.Debug|x86.Build.0 = Debug|Win32
		{9CE94727-6C72-4131-AD95-05F40FBB651E}.Release|x64.ActiveCfg = Release|x64
		{9CE94727-6C72-4131-AD95-05F40FBB651E}.Release|x64.Build.0 = Release|x64
		{9CE94727-6C72-4131-AD95-05F40FBB651E}.Release|x86.ActiveCfg = Release|Win32
		{9CE94727-6C72-4131-AD95-05F40FBB651E}.Release|x86.Build.0 = Release|Win32
		{B0479315-6FFE-4757-AB88-B29227DAEC8D}.Debug|x64.ActiveCfg = Debug|x64
		{B0479315-6FFE-4757-AB88-B29227DAEC8D}.Debug|x64.Build.0 = Debug|x64
		{B0479315-6FFE-4757-AB88-B29227DAEC8D}.Debug|x86.ActiveCfg = Debug|Win32
		{B0479315-6FFE-4757-AB88-B29227DAEC8D}.Debug|x86.Build.0 = Debug|Win32
		{B0479315-6FFE-4757-AB88-B29227DAEC8D}.Release|x64.ActiveCfg = Release|x64
		{B0479315-6FFE-4757-AB88-B29227DAEC8D}.Release|x64.Build.0 = Release|x64
		{B0479315-6FFE-4757-AB88-B29227DAEC8D}.Release|x86.ActiveCfg = Release|Win32
		{B0479315-6FFE-4757-AB88-B29227DAEC8D}.Release|x86.Build.0 = Release|Win32
		{8A424A22-4FAF-4FCC-8025-4945F3812472}.Debug|x64.ActiveCfg = Debug|x64
		{8A424A22-4FAF-4FCC-8025-4945F3812472}.Debug|x64.Build.0 = Debug|x64
		{8A424A22-4FAF-4FCC-8025-4945F3812472}.Debug|x86.ActiveCfg = Debug|Win32
		{8A424A22-4FAF-4FCC-8025-4945F3812472}.Debug|x86.Build.0 = Debug|Win32
		{8A424A22-4FAF-4FCC-8025-4945F3812472}.Release|x64.ActiveCfg = Release|x64
		{8A424A22-4FAF-4FCC-8025-4945F3812472}.Release|x64.Build.0 = Release|x64
		{8A424A22-4FAF-4FCC-8025-4945F3812472}.Release|x86.ActiveCfg = Release|Win32
		{8A424A22-4FAF-4FCC-8025-4945F3812472}.Release|x86.Build.0 = Release|Win32
		{93824477-9141-4563-9E88-22A57284BC2A}.Debug|x64.ActiveCfg = Debug|x64
		{93824477-9141-4563-9E88-22A57284BC2A}.Debug|x64.Build.0 = Debug|x64
		{93824477-9141-4563-9E88-22A57284BC2A}.Debug|x86.ActiveCfg = Debug|Win32
		{93824477-9141-4563-9E88-22A57284BC2A}.Debug|x86.Build.0 = Debug|Win32
		{93824477-9141-4563-9E88-22A57284BC2A}.Release|x64.ActiveCfg = Release|x64
		{93824477-9141-4563-9E88-22A57284BC2A}.Release|x64.Build.0 = Release|x64
		{93824477-9141-4563-9E88-22A57284BC2A}.Release|x86.ActiveCfg = Release|Win32
		{93824477-9141-4563-9E88-22A57284BC2A}.Release|x86.Build.0 = Release|Win32
		{C291C1EA-C63A-4D18-B127-385CAA71A7BD}.Debug|x64.ActiveCfg = Debug|x64
		{C291C1EA-C63A-4D18-B127-385CAA71A7BD}.Debug|x64.Build.0 = Debug|x64
		{C291C1EA-C63A-4D18-B127-385CAA71A7BD}.Debug|x86.ActiveCfg = Debug|Win32
		{C291C1EA-C63A-4D18-B127-385CAA71A7BD}.Debug|x86.Build.0 = Debug|Win32
		{C291C1EA-C63A-4D18-B127-385CAA71A7BD}.Release|x64.ActiveCfg = Release|x64
		{C291C1EA-C63A-4D18-B127-385CAA71A7BD}.Release|x64.Build.0 = Release|x64
		{C291C1EA-C63A-4D18-B127-385CAA71A7BD}.Release|x86.ActiveCfg = Release|Win32
		{C291C1EA-C63A-4D18-B127-385CAA71A7BD}.Release|x86.Build.0 = Release|Win32
		{50A3E6A0-F977-4EF0-AA65-B16D51F74D8A}.Debug|x64.ActiveCfg = Debug|x64
		{50A3E6A0-F977-4EF0-AA65-B16D51F74D8A}.Debug|x64.Build.0 = Debug|x64
		{50A3E6A0-F977-4EF0-AA65-B16D51F74D8A}.Debug|x86.ActiveCfg = Debug|Win32
		{50A3E6A0-F977-4EF0-AA65-B16D51F74D8A}.Debug|x86.Build.0 = Debug|Win32
		{50A3E6A0-F977-4EF0-AA65-B16D51F74D8A}.Release|x64.ActiveCfg = Release|x64
		{50A3E6A0-F977-4EF0-AA65-B16D51F74D8A}.Release|x64.Build.0 = Release|x64
		{50A3E6A0-F977-4EF0-AA65-B16D51F74D8A}.Release|x86.ActiveCfg = Release|Win32
		{50A3E6A0-F977-4EF0-AA65-B16D51F74D8A}.Release|x86.Build.0 = Release|Win32
	EndGlobalSection
	GlobalSection(SolutionProperties) = preSolution
		HideSolutionNode = FALSE
	EndGlobalSection
	GlobalSection(ExtensibilityGlobals) = postSolution
		SolutionGuid = {B1532115-0C92-4C80-999B-E26FE7B59A83}
	EndGlobalSection
EndGlobal
